
Microsoft Visual Studio Solution File, Format Version 12.00
# Visual Studio Version 16
VisualStudioVersion = 16.0.31624.102
MinimumVisualStudioVersion = 10.0.40219.1
Project("{F184B08F-C81C-45F6-A57F-5ABD9991F28F}") = "ejemplo", "ejemplo\ejemplo.vbproj", "{3FE982E4-6CB3-4D06-BF0B-67CA89C95650}"
EndProject
Global
	GlobalSection(SolutionConfigurationPlatforms) = preSolution
		Debug|Any CPU = Debug|Any CPU
		Release|Any CPU = Release|Any CPU
	EndGlobalSection
	GlobalSection(ProjectConfigurationPlatforms) = postSolution
		{3FE982E4-6CB3-4D06-BF0B-67CA89C95650}.Debug|Any CPU.ActiveCfg = Debug|Any CPU
		{3FE982E4-6CB3-4D06-BF0B-67CA89C95650}.Debug|Any CPU.Build.0 = Debug|Any CPU
		{3FE982E4-6CB3-4D06-BF0B-67CA89C95650}.Release|Any CPU.ActiveCfg = Release|Any CPU
		{3FE982E4-6CB3-4D06-BF0B-67CA89C95650}.Release|Any CPU.Build.0 = Release|Any CPU
	EndGlobalSection
	GlobalSection(SolutionProperties) = preSolution
		HideSolutionNode = FALSE
	EndGlobalSection
	GlobalSection(ExtensibilityGlobals) = postSolution
		SolutionGuid = {4BB688B7-84E9-47F0-BA9D-E3445F4C0803}
	EndGlobalSection
EndGlobal
